
Microsoft Visual Studio Solution File, Format Version 12.00
# Visual Studio Version 17
VisualStudioVersion = 17.14.36518.9 d17.14
MinimumVisualStudioVersion = 10.0.40219.1
Project("{FAE04EC0-301F-11D3-BF4B-00C04F79EFBC}") = "Rocky.UI", "Rocky.UI\Rocky.UI.csproj", "{AFFAF63D-786E-4A8D-890C-EC8D27FCC66A}"
EndProject
Global
	GlobalSection(SolutionConfigurationPlatforms) = preSolution
		Debug|Any CPU = Debug|Any CPU
		Release|Any CPU = Release|Any CPU
	EndGlobalSection
	GlobalSection(ProjectConfigurationPlatforms) = postSolution
		{AFFAF63D-786E-4A8D-890C-EC8D27FCC66A}.Debug|Any CPU.ActiveCfg = Debug|Any CPU
		{AFFAF63D-786E-4A8D-890C-EC8D27FCC66A}.Debug|Any CPU.Build.0 = Debug|Any CPU
		{AFFAF63D-786E-4A8D-890C-EC8D27FCC66A}.Release|Any CPU.ActiveCfg = Release|Any CPU
		{AFFAF63D-786E-4A8D-890C-EC8D27FCC66A}.Release|Any CPU.Build.0 = Release|Any CPU
	EndGlobalSection
	GlobalSection(SolutionProperties) = preSolution
		HideSolutionNode = FALSE
	EndGlobalSection
	GlobalSection(ExtensibilityGlobals) = postSolution
		SolutionGuid = {B4CDE913-D38E-4511-9C92-A5DEC483FC66}
	EndGlobalSection
EndGlobal
